
Microsoft Visual Studio Solution File, Format Version 12.00
# Visual Studio Version 16
VisualStudioVersion = 16.0.29911.84
MinimumVisualStudioVersion = 10.0.40219.1
Project("{FAE04EC0-301F-11D3-BF4B-00C04F79EFBC}") = "WeatherAPIMVC", "WeatherAPIMVC\WeatherAPIMVC.csproj", "{7592B958-E3C5-4550-AACB-162372BFB9AD}"
EndProject
Global
	GlobalSection(SolutionConfigurationPlatforms) = preSolution
		Debug|Any CPU = Debug|Any CPU
		Release|Any CPU = Release|Any CPU
	EndGlobalSection
	GlobalSection(ProjectConfigurationPlatforms) = postSolution
		{7592B958-E3C5-4550-AACB-162372BFB9AD}.Debug|Any CPU.ActiveCfg = Debug|Any CPU
		{7592B958-E3C5-4550-AACB-162372BFB9AD}.Debug|Any CPU.Build.0 = Debug|Any CPU
		{7592B958-E3C5-4550-AACB-162372BFB9AD}.Release|Any CPU.ActiveCfg = Release|Any CPU
		{7592B958-E3C5-4550-AACB-162372BFB9AD}.Release|Any CPU.Build.0 = Release|Any CPU
	EndGlobalSection
	GlobalSection(SolutionProperties) = preSolution
		HideSolutionNode = FALSE
	EndGlobalSection
	GlobalSection(ExtensibilityGlobals) = postSolution
		SolutionGuid = {699125F3-B79B-4F4E-ACE1-4439849EBF35}
	EndGlobalSection
EndGlobal
